
Microsoft Visual Studio Solution File, Format Version 12.00
# Visual Studio Version 17
VisualStudioVersion = 17.3.32929.385
MinimumVisualStudioVersion = 10.0.40219.1
Project("{FAE04EC0-301F-11D3-BF4B-00C04F79EFBC}") = "MyFirstProject", "MyFirstProject.csproj", "{B9E3094C-D161-4DB9-888C-77558F44D71C}"
EndProject
Global
	GlobalSection(SolutionConfigurationPlatforms) = preSolution
		Debug|Any CPU = Debug|Any CPU
		Release|Any CPU = Release|Any CPU
	EndGlobalSection
	GlobalSection(ProjectConfigurationPlatforms) = postSolution
		{B9E3094C-D161-4DB9-888C-77558F44D71C}.Debug|Any CPU.ActiveCfg = Debug|Any CPU
		{B9E3094C-D161-4DB9-888C-77558F44D71C}.Debug|Any CPU.Build.0 = Debug|Any CPU
		{B9E3094C-D161-4DB9-888C-77558F44D71C}.Release|Any CPU.ActiveCfg = Release|Any CPU
		{B9E3094C-D161-4DB9-888C-77558F44D71C}.Release|Any CPU.Build.0 = Release|Any CPU
	EndGlobalSection
	GlobalSection(SolutionProperties) = preSolution
		HideSolutionNode = FALSE
	EndGlobalSection
	GlobalSection(ExtensibilityGlobals) = postSolution
		SolutionGuid = {B5286B5C-199F-4BB7-B56B-06009F81CAE8}
	EndGlobalSection
EndGlobal
